
Microsoft Visual Studio Solution File, Format Version 12.00
# Visual Studio 2017
Project("{FAE04EC0-301F-11D3-BF4B-00C04F79EFBC}") = "Procedural", "Procedural.csproj", "{7B023373-2FC2-B83A-DA11-76D59D68E153}"
EndProject
Global
	GlobalSection(SolutionConfigurationPlatforms) = preSolution
		Debug|Any CPU = Debug|Any CPU
		Release|Any CPU = Release|Any CPU
	EndGlobalSection
	GlobalSection(ProjectConfigurationPlatforms) = postSolution
		{7B023373-2FC2-B83A-DA11-76D59D68E153}.Debug|Any CPU.ActiveCfg = Debug|Any CPU
		{7B023373-2FC2-B83A-DA11-76D59D68E153}.Debug|Any CPU.Build.0 = Debug|Any CPU
		{7B023373-2FC2-B83A-DA11-76D59D68E153}.Release|Any CPU.ActiveCfg = Release|Any CPU
		{7B023373-2FC2-B83A-DA11-76D59D68E153}.Release|Any CPU.Build.0 = Release|Any CPU
	EndGlobalSection
	GlobalSection(SolutionProperties) = preSolution
		HideSolutionNode = FALSE
	EndGlobalSection
EndGlobal
